
Microsoft Visual Studio Solution File, Format Version 12.00
# Visual Studio Version 16
VisualStudioVersion = 16.0.31410.357
MinimumVisualStudioVersion = 10.0.40219.1
Project("{FAE04EC0-301F-11D3-BF4B-00C04F79EFBC}") = "WebApplication5", "WebApplication5\WebApplication5.csproj", "{C7FA35E2-4C12-4A28-97A9-9232A3A2FBA6}"
EndProject
Global
	GlobalSection(SolutionConfigurationPlatforms) = preSolution
		Debug|Any CPU = Debug|Any CPU
		Release|Any CPU = Release|Any CPU
	EndGlobalSection
	GlobalSection(ProjectConfigurationPlatforms) = postSolution
		{C7FA35E2-4C12-4A28-97A9-9232A3A2FBA6}.Debug|Any CPU.ActiveCfg = Debug|Any CPU
		{C7FA35E2-4C12-4A28-97A9-9232A3A2FBA6}.Debug|Any CPU.Build.0 = Debug|Any CPU
		{C7FA35E2-4C12-4A28-97A9-9232A3A2FBA6}.Release|Any CPU.ActiveCfg = Release|Any CPU
		{C7FA35E2-4C12-4A28-97A9-9232A3A2FBA6}.Release|Any CPU.Build.0 = Release|Any CPU
	EndGlobalSection
	GlobalSection(SolutionProperties) = preSolution
		HideSolutionNode = FALSE
	EndGlobalSection
	GlobalSection(ExtensibilityGlobals) = postSolution
		SolutionGuid = {08144755-E03C-47CF-AC32-3C43C75BF20A}
	EndGlobalSection
EndGlobal
